{
    "name": "uniface",
    "version": "0.0.1",
    "lockfileVersion": 2,
    "requires": true,
    "packages": {
        "": {
            "name": "uniface",
            "version": "0.0.1",
            "dependencies": {
                "uniface": "file:"
            },
            "engines": {
                "vscode": "^1.92.0"
            }
        },
        "node_modules/uniface": {
            "resolved": "",
            "link": true
        }
    },
    "dependencies": {
        "uniface": {
            "version": "file:",
            "requires": {
                "uniface": "file:"
            }
        }
    }
}
